// !$*UTF8*$!
{
	archiveVersion = 1;
	classes = {
	};
	objectVersion = 52;
	objects = {

/* Begin PBXBuildFile section */
		44032890262ACB8F0039A0E6 /* ErrorTileView.swift in Sources */ = {isa = PBXBuildFile; fileRef = 4403288F262ACB8F0039A0E6 /* ErrorTileView.swift */; };
		44032893262D92910039A0E6 /* PortfolioListView.swift in Sources */ = {isa = PBXBuildFile; fileRef = 44032892262D92910039A0E6 /* PortfolioListView.swift */; };
		44336BDC2626CD0A00C12CE0 /* StockDetailView.swift in Sources */ = {isa = PBXBuildFile; fileRef = 44336BDB2626CD0A00C12CE0 /* StockDetailView.swift */; };
		44336BDF26272EB800C12CE0 /* OrdersView.swift in Sources */ = {isa = PBXBuildFile; fileRef = 44336BDE26272EB800C12CE0 /* OrdersView.swift */; };
		4438747126416AD400A35820 /* SwiftDate in Frameworks */ = {isa = PBXBuildFile; productRef = 4438747026416AD400A35820 /* SwiftDate */; };
		443874732643E3A000A35820 /* PortfolioTileView.swift in Sources */ = {isa = PBXBuildFile; fileRef = 443874722643E3A000A35820 /* PortfolioTileView.swift */; };
		444879BB2632E6A8000601BF /* NetworkMonitor.swift in Sources */ = {isa = PBXBuildFile; fileRef = 444879BA2632E6A8000601BF /* NetworkMonitor.swift */; };
		44A79A32262451E100652F17 /* Demo_TradingApp.swift in Sources */ = {isa = PBXBuildFile; fileRef = 44A79A31262451E100652F17 /* Demo_TradingApp.swift */; };
		44A79A34262451E100652F17 /* MainTabView.swift in Sources */ = {isa = PBXBuildFile; fileRef = 44A79A33262451E100652F17 /* MainTabView.swift */; };
		44A79A36262451E200652F17 /* Assets.xcassets in Resources */ = {isa = PBXBuildFile; fileRef = 44A79A35262451E200652F17 /* Assets.xcassets */; };
		44A79A39262451E200652F17 /* Preview Assets.xcassets in Resources */ = {isa = PBXBuildFile; fileRef = 44A79A38262451E200652F17 /* Preview Assets.xcassets */; };
		44A79A42262451F200652F17 /* DataController.swift in Sources */ = {isa = PBXBuildFile; fileRef = 44A79A41262451F200652F17 /* DataController.swift */; };
		44A79A4626255EEB00652F17 /* Classes.swift in Sources */ = {isa = PBXBuildFile; fileRef = 44A79A4526255EEB00652F17 /* Classes.swift */; };
		44A79A532626C27C00652F17 /* WatchlistView.swift in Sources */ = {isa = PBXBuildFile; fileRef = 44A79A522626C27C00652F17 /* WatchlistView.swift */; };
		44A79A5D2626C2C900652F17 /* FundsView.swift in Sources */ = {isa = PBXBuildFile; fileRef = 44A79A5C2626C2C900652F17 /* FundsView.swift */; };
/* End PBXBuildFile section */

/* Begin PBXCopyFilesBuildPhase section */
		44B18D21264166BF00C8F6CA /* Embed Frameworks */ = {
			isa = PBXCopyFilesBuildPhase;
			buildActionMask = 2147483647;
			dstPath = "";
			dstSubfolderSpec = 10;
			files = (
			);
			name = "Embed Frameworks";
			runOnlyForDeploymentPostprocessing = 0;
		};
/* End PBXCopyFilesBuildPhase section */

/* Begin PBXFileReference section */
		4403288F262ACB8F0039A0E6 /* ErrorTileView.swift */ = {isa = PBXFileReference; lastKnownFileType = sourcecode.swift; path = ErrorTileView.swift; sourceTree = "<group>"; };
		44032892262D92910039A0E6 /* PortfolioListView.swift */ = {isa = PBXFileReference; lastKnownFileType = sourcecode.swift; path = PortfolioListView.swift; sourceTree = "<group>"; };
		44336BDB2626CD0A00C12CE0 /* StockDetailView.swift */ = {isa = PBXFileReference; lastKnownFileType = sourcecode.swift; path = StockDetailView.swift; sourceTree = "<group>"; };
		44336BDE26272EB800C12CE0 /* OrdersView.swift */ = {isa = PBXFileReference; lastKnownFileType = sourcecode.swift; path = OrdersView.swift; sourceTree = "<group>"; };
		443874722643E3A000A35820 /* PortfolioTileView.swift */ = {isa = PBXFileReference; lastKnownFileType = sourcecode.swift; path = PortfolioTileView.swift; sourceTree = "<group>"; };
		444879BA2632E6A8000601BF /* NetworkMonitor.swift */ = {isa = PBXFileReference; lastKnownFileType = sourcecode.swift; path = NetworkMonitor.swift; sourceTree = "<group>"; };
		44A79A2E262451E100652F17 /* Demo Trading.app */ = {isa = PBXFileReference; explicitFileType = wrapper.application; includeInIndex = 0; path = "Demo Trading.app"; sourceTree = BUILT_PRODUCTS_DIR; };
		44A79A31262451E100652F17 /* Demo_TradingApp.swift */ = {isa = PBXFileReference; lastKnownFileType = sourcecode.swift; path = Demo_TradingApp.swift; sourceTree = "<group>"; };
		44A79A33262451E100652F17 /* MainTabView.swift */ = {isa = PBXFileReference; lastKnownFileType = sourcecode.swift; path = MainTabView.swift; sourceTree = "<group>"; };
		44A79A35262451E200652F17 /* Assets.xcassets */ = {isa = PBXFileReference; lastKnownFileType = folder.assetcatalog; path = Assets.xcassets; sourceTree = "<group>"; };
		44A79A38262451E200652F17 /* Preview Assets.xcassets */ = {isa = PBXFileReference; lastKnownFileType = folder.assetcatalog; path = "Preview Assets.xcassets"; sourceTree = "<group>"; };
		44A79A3A262451E200652F17 /* Info.plist */ = {isa = PBXFileReference; lastKnownFileType = text.plist.xml; path = Info.plist; sourceTree = "<group>"; };
		44A79A41262451F200652F17 /* DataController.swift */ = {isa = PBXFileReference; lastKnownFileType = sourcecode.swift; path = DataController.swift; sourceTree = "<group>"; };
		44A79A4526255EEB00652F17 /* Classes.swift */ = {isa = PBXFileReference; lastKnownFileType = sourcecode.swift; path = Classes.swift; sourceTree = "<group>"; };
		44A79A522626C27C00652F17 /* WatchlistView.swift */ = {isa = PBXFileReference; lastKnownFileType = sourcecode.swift; path = WatchlistView.swift; sourceTree = "<group>"; };
		44A79A5C2626C2C900652F17 /* FundsView.swift */ = {isa = PBXFileReference; lastKnownFileType = sourcecode.swift; path = FundsView.swift; sourceTree = "<group>"; };
/* End PBXFileReference section */

/* Begin PBXFrameworksBuildPhase section */
		44A79A2B262451E100652F17 /* Frameworks */ = {
			isa = PBXFrameworksBuildPhase;
			buildActionMask = 2147483647;
			files = (
				4438747126416AD400A35820 /* SwiftDate in Frameworks */,
			);
			runOnlyForDeploymentPostprocessing = 0;
		};
/* End PBXFrameworksBuildPhase section */

/* Begin PBXGroup section */
		44A79A25262451E100652F17 = {
			isa = PBXGroup;
			children = (
				44A79A30262451E100652F17 /* Demo Trading */,
				44A79A2F262451E100652F17 /* Products */,
			);
			sourceTree = "<group>";
			usesTabs = 0;
		};
		44A79A2F262451E100652F17 /* Products */ = {
			isa = PBXGroup;
			children = (
				44A79A2E262451E100652F17 /* Demo Trading.app */,
			);
			name = Products;
			sourceTree = "<group>";
		};
		44A79A30262451E100652F17 /* Demo Trading */ = {
			isa = PBXGroup;
			children = (
				44A79A31262451E100652F17 /* Demo_TradingApp.swift */,
				44A79A33262451E100652F17 /* MainTabView.swift */,
				44A79A502626C25300652F17 /* Views */,
				44A79A512626C25A00652F17 /* Data */,
				44A79A35262451E200652F17 /* Assets.xcassets */,
				44A79A3A262451E200652F17 /* Info.plist */,
				44A79A37262451E200652F17 /* Preview Content */,
			);
			path = "Demo Trading";
			sourceTree = "<group>";
		};
		44A79A37262451E200652F17 /* Preview Content */ = {
			isa = PBXGroup;
			children = (
				44A79A38262451E200652F17 /* Preview Assets.xcassets */,
			);
			path = "Preview Content";
			sourceTree = "<group>";
		};
		44A79A502626C25300652F17 /* Views */ = {
			isa = PBXGroup;
			children = (
				44A79A522626C27C00652F17 /* WatchlistView.swift */,
				44336BDB2626CD0A00C12CE0 /* StockDetailView.swift */,
				4403288F262ACB8F0039A0E6 /* ErrorTileView.swift */,
				44032892262D92910039A0E6 /* PortfolioListView.swift */,
				443874722643E3A000A35820 /* PortfolioTileView.swift */,
				44A79A5C2626C2C900652F17 /* FundsView.swift */,
				44336BDE26272EB800C12CE0 /* OrdersView.swift */,
			);
			path = Views;
			sourceTree = "<group>";
		};
		44A79A512626C25A00652F17 /* Data */ = {
			isa = PBXGroup;
			children = (
				44A79A4526255EEB00652F17 /* Classes.swift */,
				44A79A41262451F200652F17 /* DataController.swift */,
				444879BA2632E6A8000601BF /* NetworkMonitor.swift */,
			);
			path = Data;
			sourceTree = "<group>";
		};
/* End PBXGroup section */

/* Begin PBXNativeTarget section */
		44A79A2D262451E100652F17 /* Demo Trading */ = {
			isa = PBXNativeTarget;
			buildConfigurationList = 44A79A3D262451E200652F17 /* Build configuration list for PBXNativeTarget "Demo Trading" */;
			buildPhases = (
				44A79A2A262451E100652F17 /* Sources */,
				44A79A2B262451E100652F17 /* Frameworks */,
				44A79A2C262451E100652F17 /* Resources */,
				44B18D21264166BF00C8F6CA /* Embed Frameworks */,
			);
			buildRules = (
			);
			dependencies = (
			);
			name = "Demo Trading";
			packageProductDependencies = (
				4438747026416AD400A35820 /* SwiftDate */,
			);
			productName = "Demo Trading";
			productReference = 44A79A2E262451E100652F17 /* Demo Trading.app */;
			productType = "com.apple.product-type.application";
		};
/* End PBXNativeTarget section */

/* Begin PBXProject section */
		44A79A26262451E100652F17 /* Project object */ = {
			isa = PBXProject;
			attributes = {
				LastSwiftUpdateCheck = 1240;
				LastUpgradeCheck = 1240;
				TargetAttributes = {
					44A79A2D262451E100652F17 = {
						CreatedOnToolsVersion = 12.4;
					};
				};
			};
			buildConfigurationList = 44A79A29262451E100652F17 /* Build configuration list for PBXProject "Demo Trading" */;
			compatibilityVersion = "Xcode 9.3";
			developmentRegion = en;
			hasScannedForEncodings = 0;
			knownRegions = (
				en,
				Base,
			);
			mainGroup = 44A79A25262451E100652F17;
			packageReferences = (
				4438746F26416AD400A35820 /* XCRemoteSwiftPackageReference "SwiftDate" */,
			);
			productRefGroup = 44A79A2F262451E100652F17 /* Products */;
			projectDirPath = "";
			projectRoot = "";
			targets = (
				44A79A2D262451E100652F17 /* Demo Trading */,
			);
		};
/* End PBXProject section */

/* Begin PBXResourcesBuildPhase section */
		44A79A2C262451E100652F17 /* Resources */ = {
			isa = PBXResourcesBuildPhase;
			buildActionMask = 2147483647;
			files = (
				44A79A39262451E200652F17 /* Preview Assets.xcassets in Resources */,
				44A79A36262451E200652F17 /* Assets.xcassets in Resources */,
			);
			runOnlyForDeploymentPostprocessing = 0;
		};
/* End PBXResourcesBuildPhase section */

/* Begin PBXSourcesBuildPhase section */
		44A79A2A262451E100652F17 /* Sources */ = {
			isa = PBXSourcesBuildPhase;
			buildActionMask = 2147483647;
			files = (
				444879BB2632E6A8000601BF /* NetworkMonitor.swift in Sources */,
				44A79A532626C27C00652F17 /* WatchlistView.swift in Sources */,
				44A79A34262451E100652F17 /* MainTabView.swift in Sources */,
				44A79A4626255EEB00652F17 /* Classes.swift in Sources */,
				44336BDF26272EB800C12CE0 /* OrdersView.swift in Sources */,
				443874732643E3A000A35820 /* PortfolioTileView.swift in Sources */,
				44A79A5D2626C2C900652F17 /* FundsView.swift in Sources */,
				44A79A42262451F200652F17 /* DataController.swift in Sources */,
				44336BDC2626CD0A00C12CE0 /* StockDetailView.swift in Sources */,
				44032890262ACB8F0039A0E6 /* ErrorTileView.swift in Sources */,
				44A79A32262451E100652F17 /* Demo_TradingApp.swift in Sources */,
				44032893262D92910039A0E6 /* PortfolioListView.swift in Sources */,
			);
			runOnlyForDeploymentPostprocessing = 0;
		};
/* End PBXSourcesBuildPhase section */

/* Begin XCBuildConfiguration section */
		44A79A3B262451E200652F17 /* Debug */ = {
			isa = XCBuildConfiguration;
			buildSettings = {
				ALWAYS_SEARCH_USER_PATHS = NO;
				CLANG_ANALYZER_NONNULL = YES;
				CLANG_ANALYZER_NUMBER_OBJECT_CONVERSION = YES_AGGRESSIVE;
				CLANG_CXX_LANGUAGE_STANDARD = "gnu++14";
				CLANG_CXX_LIBRARY = "libc++";
				CLANG_ENABLE_MODULES = YES;
				CLANG_ENABLE_OBJC_ARC = YES;
				CLANG_ENABLE_OBJC_WEAK = YES;
				CLANG_WARN_BLOCK_CAPTURE_AUTORELEASING = YES;
				CLANG_WARN_BOOL_CONVERSION = YES;
				CLANG_WARN_COMMA = YES;
				CLANG_WARN_CONSTANT_CONVERSION = YES;
				CLANG_WARN_DEPRECATED_OBJC_IMPLEMENTATIONS = YES;
				CLANG_WARN_DIRECT_OBJC_ISA_USAGE = YES_ERROR;
				CLANG_WARN_DOCUMENTATION_COMMENTS = YES;
				CLANG_WARN_EMPTY_BODY = YES;
				CLANG_WARN_ENUM_CONVERSION = YES;
				CLANG_WARN_INFINITE_RECURSION = YES;
				CLANG_WARN_INT_CONVERSION = YES;
				CLANG_WARN_NON_LITERAL_NULL_CONVERSION = YES;
				CLANG_WARN_OBJC_IMPLICIT_RETAIN_SELF = YES;
				CLANG_WARN_OBJC_LITERAL_CONVERSION = YES;
				CLANG_WARN_OBJC_ROOT_CLASS = YES_ERROR;
				CLANG_WARN_QUOTED_INCLUDE_IN_FRAMEWORK_HEADER = YES;
				CLANG_WARN_RANGE_LOOP_ANALYSIS = YES;
				CLANG_WARN_STRICT_PROTOTYPES = YES;
				CLANG_WARN_SUSPICIOUS_MOVE = YES;
				CLANG_WARN_UNGUARDED_AVAILABILITY = YES_AGGRESSIVE;
				CLANG_WARN_UNREACHABLE_CODE = YES;
				CLANG_WARN__DUPLICATE_METHOD_MATCH = YES;
				COPY_PHASE_STRIP = NO;
				DEBUG_INFORMATION_FORMAT = dwarf;
				ENABLE_STRICT_OBJC_MSGSEND = YES;
				ENABLE_TESTABILITY = YES;
				GCC_C_LANGUAGE_STANDARD = gnu11;
				GCC_DYNAMIC_NO_PIC = NO;
				GCC_NO_COMMON_BLOCKS = YES;
				GCC_OPTIMIZATION_LEVEL = 0;
				GCC_PREPROCESSOR_DEFINITIONS = (
					"DEBUG=1",
					"$(inherited)",
				);
				GCC_WARN_64_TO_32_BIT_CONVERSION = YES;
				GCC_WARN_ABOUT_RETURN_TYPE = YES_ERROR;
				GCC_WARN_UNDECLARED_SELECTOR = YES;
				GCC_WARN_UNINITIALIZED_AUTOS = YES_AGGRESSIVE;
				GCC_WARN_UNUSED_FUNCTION = YES;
				GCC_WARN_UNUSED_VARIABLE = YES;
				IPHONEOS_DEPLOYMENT_TARGET = 14.4;
				MTL_ENABLE_DEBUG_INFO = INCLUDE_SOURCE;
				MTL_FAST_MATH = YES;
				ONLY_ACTIVE_ARCH = YES;
				SDKROOT = iphoneos;
				SWIFT_ACTIVE_COMPILATION_CONDITIONS = DEBUG;
				SWIFT_OPTIMIZATION_LEVEL = "-Onone";
			};
			name = Debug;
		};
		44A79A3C262451E200652F17 /* Release */ = {
			isa = XCBuildConfiguration;
			buildSettings = {
				ALWAYS_SEARCH_USER_PATHS = NO;
				CLANG_ANALYZER_NONNULL = YES;
				CLANG_ANALYZER_NUMBER_OBJECT_CONVERSION = YES_AGGRESSIVE;
				CLANG_CXX_LANGUAGE_STANDARD = "gnu++14";
				CLANG_CXX_LIBRARY = "libc++";
				CLANG_ENABLE_MODULES = YES;
				CLANG_ENABLE_OBJC_ARC = YES;
				CLANG_ENABLE_OBJC_WEAK = YES;
				CLANG_WARN_BLOCK_CAPTURE_AUTORELEASING = YES;
				CLANG_WARN_BOOL_CONVERSION = YES;
				CLANG_WARN_COMMA = YES;
				CLANG_WARN_CONSTANT_CONVERSION = YES;
				CLANG_WARN_DEPRECATED_OBJC_IMPLEMENTATIONS = YES;
				CLANG_WARN_DIRECT_OBJC_ISA_USAGE = YES_ERROR;
				CLANG_WARN_DOCUMENTATION_COMMENTS = YES;
				CLANG_WARN_EMPTY_BODY = YES;
				CLANG_WARN_ENUM_CONVERSION = YES;
				CLANG_WARN_INFINITE_RECURSION = YES;
				CLANG_WARN_INT_CONVERSION = YES;
				CLANG_WARN_NON_LITERAL_NULL_CONVERSION = YES;
				CLANG_WARN_OBJC_IMPLICIT_RETAIN_SELF = YES;
				CLANG_WARN_OBJC_LITERAL_CONVERSION = YES;
				CLANG_WARN_OBJC_ROOT_CLASS = YES_ERROR;
				CLANG_WARN_QUOTED_INCLUDE_IN_FRAMEWORK_HEADER = YES;
				CLANG_WARN_RANGE_LOOP_ANALYSIS = YES;
				CLANG_WARN_STRICT_PROTOTYPES = YES;
				CLANG_WARN_SUSPICIOUS_MOVE = YES;
				CLANG_WARN_UNGUARDED_AVAILABILITY = YES_AGGRESSIVE;
				CLANG_WARN_UNREACHABLE_CODE = YES;
				CLANG_WARN__DUPLICATE_METHOD_MATCH = YES;
				COPY_PHASE_STRIP = NO;
				DEBUG_INFORMATION_FORMAT = "dwarf-with-dsym";
				ENABLE_NS_ASSERTIONS = NO;
				ENABLE_STRICT_OBJC_MSGSEND = YES;
				GCC_C_LANGUAGE_STANDARD = gnu11;
				GCC_NO_COMMON_BLOCKS = YES;
				GCC_WARN_64_TO_32_BIT_CONVERSION = YES;
				GCC_WARN_ABOUT_RETURN_TYPE = YES_ERROR;
				GCC_WARN_UNDECLARED_SELECTOR = YES;
				GCC_WARN_UNINITIALIZED_AUTOS = YES_AGGRESSIVE;
				GCC_WARN_UNUSED_FUNCTION = YES;
				GCC_WARN_UNUSED_VARIABLE = YES;
				IPHONEOS_DEPLOYMENT_TARGET = 14.4;
				MTL_ENABLE_DEBUG_INFO = NO;
				MTL_FAST_MATH = YES;
				SDKROOT = iphoneos;
				SWIFT_COMPILATION_MODE = wholemodule;
				SWIFT_OPTIMIZATION_LEVEL = "-O";
				VALIDATE_PRODUCT = YES;
			};
			name = Release;
		};
		44A79A3E262451E200652F17 /* Debug */ = {
			isa = XCBuildConfiguration;
			buildSettings = {
				ASSETCATALOG_COMPILER_APPICON_NAME = AppIcon;
				ASSETCATALOG_COMPILER_GLOBAL_ACCENT_COLOR_NAME = AccentColor;
				CODE_SIGN_STYLE = Automatic;
				DEVELOPMENT_ASSET_PATHS = "\"Demo Trading/Preview Content\"";
				DEVELOPMENT_TEAM = SL5WD2VG76;
				ENABLE_PREVIEWS = YES;
				INFOPLIST_FILE = "Demo Trading/Info.plist";
				IPHONEOS_DEPLOYMENT_TARGET = 14.0;
				LD_RUNPATH_SEARCH_PATHS = (
					"$(inherited)",
					"@executable_path/Frameworks",
				);
				PRODUCT_BUNDLE_IDENTIFIER = "rayansh.gupta.Demo-Trading";
				PRODUCT_NAME = "$(TARGET_NAME)";
				SWIFT_VERSION = 5.0;
				TARGETED_DEVICE_FAMILY = "1,2";
			};
			name = Debug;
		};
		44A79A3F262451E200652F17 /* Release */ = {
			isa = XCBuildConfiguration;
			buildSettings = {
				ASSETCATALOG_COMPILER_APPICON_NAME = AppIcon;
				ASSETCATALOG_COMPILER_GLOBAL_ACCENT_COLOR_NAME = AccentColor;
				CODE_SIGN_STYLE = Automatic;
				DEVELOPMENT_ASSET_PATHS = "\"Demo Trading/Preview Content\"";
				DEVELOPMENT_TEAM = SL5WD2VG76;
				ENABLE_PREVIEWS = YES;
				INFOPLIST_FILE = "Demo Trading/Info.plist";
				IPHONEOS_DEPLOYMENT_TARGET = 14.0;
				LD_RUNPATH_SEARCH_PATHS = (
					"$(inherited)",
					"@executable_path/Frameworks",
				);
				PRODUCT_BUNDLE_IDENTIFIER = "rayansh.gupta.Demo-Trading";
				PRODUCT_NAME = "$(TARGET_NAME)";
				SWIFT_VERSION = 5.0;
				TARGETED_DEVICE_FAMILY = "1,2";
			};
			name = Release;
		};
/* End XCBuildConfiguration section */

/* Begin XCConfigurationList section */
		44A79A29262451E100652F17 /* Build configuration list for PBXProject "Demo Trading" */ = {
			isa = XCConfigurationList;
			buildConfigurations = (
				44A79A3B262451E200652F17 /* Debug */,
				44A79A3C262451E200652F17 /* Release */,
			);
			defaultConfigurationIsVisible = 0;
			defaultConfigurationName = Release;
		};
		44A79A3D262451E200652F17 /* Build configuration list for PBXNativeTarget "Demo Trading" */ = {
			isa = XCConfigurationList;
			buildConfigurations = (
				44A79A3E262451E200652F17 /* Debug */,
				44A79A3F262451E200652F17 /* Release */,
			);
			defaultConfigurationIsVisible = 0;
			defaultConfigurationName = Release;
		};
/* End XCConfigurationList section */

/* Begin XCRemoteSwiftPackageReference section */
		4438746F26416AD400A35820 /* XCRemoteSwiftPackageReference "SwiftDate" */ = {
			isa = XCRemoteSwiftPackageReference;
			repositoryURL = "https://github.com/malcommac/SwiftDate.git";
			requirement = {
				kind = upToNextMajorVersion;
				minimumVersion = 6.3.1;
			};
		};
/* End XCRemoteSwiftPackageReference section */

/* Begin XCSwiftPackageProductDependency section */
		4438747026416AD400A35820 /* SwiftDate */ = {
			isa = XCSwiftPackageProductDependency;
			package = 4438746F26416AD400A35820 /* XCRemoteSwiftPackageReference "SwiftDate" */;
			productName = SwiftDate;
		};
/* End XCSwiftPackageProductDependency section */
	};
	rootObject = 44A79A26262451E100652F17 /* Project object */;
}
