{
  "pins" : [
    {
      "identity" : "iactivityindicator",
      "kind" : "remoteSourceControl",
      "location" : "https://github.com/MojtabaHs/iActivityIndicator.git",
      "state" : {
        "revision" : "051ba2db67f019af4b0600c01ba2ca991092daae",
        "version" : "0.4.1"
      }
    },
    {
      "identity" : "swiftdate",
      "kind" : "remoteSourceControl",
      "location" : "https://github.com/malcommac/SwiftDate.git",
      "state" : {
        "revision" : "6190d0cefff3013e77ed567e6b074f324e5c5bf5",
        "version" : "6.3.1"
      }
    }
  ],
  "version" : 2
}
